{
  "object": {
    "pins": [
      {
        "package": "MSAL",
        "repositoryURL": "https://github.com/AzureAD/microsoft-authentication-library-for-objc.git",
        "state": {
          "branch": null,
          "revision": "838301c6bbdcca860bc42ade7e629313c681510f",
          "version": "1.2.18"
        }
      }
    ]
  },
  "version": 1
}
